{
  "name": "ts-invariant",
  "version": "0.7.0",
  "lockfileVersion": 1,
  "requires": true,
  "dependencies": {
    "@types/invariant": {
      "version": "2.2.34",
      "resolved": "https://registry.npmjs.org/@types/invariant/-/invariant-2.2.34.tgz",
      "integrity": "sha512-lYUtmJ9BqUN688fGY1U1HZoWT1/Jrmgigx2loq4ZcJpICECm/Om3V314BxdzypO0u5PORKGMM6x0OXaljV1YFg==",
      "dev": true
    },
    "@types/ungap__global-this": {
      "version": "0.3.1",
      "resolved": "https://registry.npmjs.org/@types/ungap__global-this/-/ungap__global-this-0.3.1.tgz",
      "integrity": "sha512-+/DsiV4CxXl6ZWefwHZDXSe1Slitz21tom38qPCaG0DYCS1NnDPIQDTKcmQ/tvK/edJUKkmuIDBJbmKDiB0r/g=="
    },
    "@ungap/global-this": {
      "version": "0.4.4",
      "resolved": "https://registry.npmjs.org/@ungap/global-this/-/global-this-0.4.4.tgz",
      "integrity": "sha512-mHkm6FvepJECMNthFuIgpAEFmPOk71UyXuIxYfjytvFTnSDBIz7jmViO+LfHI/AjrazWije0PnSP3+/NlwzqtA=="
    },
    "invariant": {
      "version": "2.2.4",
      "resolved": "https://registry.npmjs.org/invariant/-/invariant-2.2.4.tgz",
      "integrity": "sha512-phJfQVBuaJM5raOpJjSfkiD6BpbCE4Ns//LaXl6wGYtUBY83nWS6Rf9tXm2e8VaK60JEjYldbPif/A2B1C2gNA==",
      "dev": true,
      "requires": {
        "loose-envify": "^1.0.0"
      }
    },
    "js-tokens": {
      "version": "4.0.0",
      "resolved": "https://registry.npmjs.org/js-tokens/-/js-tokens-4.0.0.tgz",
      "integrity": "sha512-RdJUflcE3cUzKiMqQgsCu06FPu9UdIJO0beYbPhHN4k6apgJtifcoCtT9bcxOpYBtpD2kCM6Sbzg4CausW/PKQ==",
      "dev": true
    },
    "loose-envify": {
      "version": "1.4.0",
      "resolved": "https://registry.npmjs.org/loose-envify/-/loose-envify-1.4.0.tgz",
      "integrity": "sha512-lyuxPGr/Wfhrlem2CL/UcnUc1zcqKAImBDzukY7Y5F/yQiNdko6+fRLevlw1HgMySw7f611UIY408EtxRSoK3Q==",
      "dev": true,
      "requires": {
        "js-tokens": "^3.0.0 || ^4.0.0"
      }
    },
    "tslib": {
      "version": "1.9.3",
      "resolved": "https://registry.npmjs.org/tslib/-/tslib-1.9.3.tgz",
      "integrity": "sha512-4krF8scpejhaOgqzBEcGM7yDIEfi0/8+8zDRZhNZZ2kjmHJ4hv3zCbQWxoJGz1iw5U0Jl0nma13xzHXcncMavQ=="
    }
  }
}
